
Microsoft Visual Studio Solution File, Format Version 12.00
# Visual Studio Version 17
VisualStudioVersion = 17.14.36511.14
MinimumVisualStudioVersion = 10.0.40219.1
Project("{FAE04EC0-301F-11D3-BF4B-00C04F79EFBC}") = "Todolist", "Todolist\Todolist.csproj", "{831E3775-D366-4AC3-AB5C-E511C6D8798F}"
EndProject
Project("{2150E333-8FDC-42A3-9474-1A3956D46DE8}") = "Solution Items", "Solution Items", "{8EC462FD-D22E-90A8-E5CE-7E832BA40C5D}"
	ProjectSection(SolutionItems) = preProject
		.gitignore = .gitignore
	EndProjectSection
EndProject
Global
	GlobalSection(SolutionConfigurationPlatforms) = preSolution
		Debug|Any CPU = Debug|Any CPU
		Release|Any CPU = Release|Any CPU
	EndGlobalSection
	GlobalSection(ProjectConfigurationPlatforms) = postSolution
		{831E3775-D366-4AC3-AB5C-E511C6D8798F}.Debug|Any CPU.ActiveCfg = Debug|Any CPU
		{831E3775-D366-4AC3-AB5C-E511C6D8798F}.Debug|Any CPU.Build.0 = Debug|Any CPU
		{831E3775-D366-4AC3-AB5C-E511C6D8798F}.Release|Any CPU.ActiveCfg = Release|Any CPU
		{831E3775-D366-4AC3-AB5C-E511C6D8798F}.Release|Any CPU.Build.0 = Release|Any CPU
	EndGlobalSection
	GlobalSection(SolutionProperties) = preSolution
		HideSolutionNode = FALSE
	EndGlobalSection
	GlobalSection(ExtensibilityGlobals) = postSolution
		SolutionGuid = {3FB5760B-3BB5-47D0-8822-CCBD44C73F0C}
	EndGlobalSection
EndGlobal
